
Microsoft Visual Studio Solution File, Format Version 12.00
# Visual Studio 2013
VisualStudioVersion = 12.0.21005.1
MinimumVisualStudioVersion = 10.0.40219.1
Project("{FAE04EC0-301F-11D3-BF4B-00C04F79EFBC}") = "DietCalculator.Core", "DietCalculator.Core\DietCalculator.Core.csproj", "{C3DF59F4-DB8D-498B-B789-0B8761C62A54}"
EndProject
Project("{FAE04EC0-301F-11D3-BF4B-00C04F79EFBC}") = "DietCalculator.WP", "DietCalculator.WP\DietCalculator.WP.csproj", "{68293923-E2FB-4ABC-A44C-530696C5740F}"
EndProject
Project("{FAE04EC0-301F-11D3-BF4B-00C04F79EFBC}") = "DietCalculator.WinRT", "DietCalculator.WinRT\DietCalculator.WinRT.csproj", "{8F58087F-4E0A-4113-BE49-152937A0F92F}"
EndProject
Project("{FAE04EC0-301F-11D3-BF4B-00C04F79EFBC}") = "Silverlight_MVC", "Silverlight_MVC\Silverlight_MVC.csproj", "{9296C59F-9DE9-4A29-9B52-093E35315E08}"
EndProject
Project("{FAE04EC0-301F-11D3-BF4B-00C04F79EFBC}") = "Silverlight_MVC.Web", "Silverlight_MVC.Web\Silverlight_MVC.Web.csproj", "{B9B13908-101D-46E2-A92A-44EA978A46E7}"
EndProject
Project("{FAE04EC0-301F-11D3-BF4B-00C04F79EFBC}") = "DietCalculator.iOS", "DietCalculator.iOS\DietCalculator.iOS.csproj", "{2E767A03-6A3A-4D7C-A1DC-E9FE8DA3CD51}"
EndProject
Project("{FAE04EC0-301F-11D3-BF4B-00C04F79EFBC}") = "DietCalculator.Droid", "DietCalculator.Droid\DietCalculator.Droid.csproj", "{64373EF4-B798-43EC-A7BF-818E047ACA80}"
EndProject
Project("{2150E333-8FDC-42A3-9474-1A3956D46DE8}") = ".nuget", ".nuget", "{DB33E2D9-9EDE-433C-BDFD-71483752FE3C}"
	ProjectSection(SolutionItems) = preProject
		.nuget\NuGet.Config = .nuget\NuGet.Config
		.nuget\NuGet.exe = .nuget\NuGet.exe
		.nuget\NuGet.targets = .nuget\NuGet.targets
	EndProjectSection
EndProject
Global
	GlobalSection(SolutionConfigurationPlatforms) = preSolution
		Ad-Hoc|Any CPU = Ad-Hoc|Any CPU
		Ad-Hoc|ARM = Ad-Hoc|ARM
		Ad-Hoc|iPhone = Ad-Hoc|iPhone
		Ad-Hoc|iPhoneSimulator = Ad-Hoc|iPhoneSimulator
		Ad-Hoc|Mixed Platforms = Ad-Hoc|Mixed Platforms
		Ad-Hoc|x64 = Ad-Hoc|x64
		Ad-Hoc|x86 = Ad-Hoc|x86
		AppStore|Any CPU = AppStore|Any CPU
		AppStore|ARM = AppStore|ARM
		AppStore|iPhone = AppStore|iPhone
		AppStore|iPhoneSimulator = AppStore|iPhoneSimulator
		AppStore|Mixed Platforms = AppStore|Mixed Platforms
		AppStore|x64 = AppStore|x64
		AppStore|x86 = AppStore|x86
		Debug|Any CPU = Debug|Any CPU
		Debug|ARM = Debug|ARM
		Debug|iPhone = Debug|iPhone
		Debug|iPhoneSimulator = Debug|iPhoneSimulator
		Debug|Mixed Platforms = Debug|Mixed Platforms
		Debug|x64 = Debug|x64
		Debug|x86 = Debug|x86
		Release|Any CPU = Release|Any CPU
		Release|ARM = Release|ARM
		Release|iPhone = Release|iPhone
		Release|iPhoneSimulator = Release|iPhoneSimulator
		Release|Mixed Platforms = Release|Mixed Platforms
		Release|x64 = Release|x64
		Release|x86 = Release|x86
	EndGlobalSection
	GlobalSection(ProjectConfigurationPlatforms) = postSolution
		{C3DF59F4-DB8D-498B-B789-0B8761C62A54}.Ad-Hoc|Any CPU.ActiveCfg = Release|Any CPU
		{C3DF59F4-DB8D-498B-B789-0B8761C62A54}.Ad-Hoc|Any CPU.Build.0 = Release|Any CPU
		{C3DF59F4-DB8D-498B-B789-0B8761C62A54}.Ad-Hoc|ARM.ActiveCfg = Release|Any CPU
		{C3DF59F4-DB8D-498B-B789-0B8761C62A54}.Ad-Hoc|iPhone.ActiveCfg = Release|Any CPU
		{C3DF59F4-DB8D-498B-B789-0B8761C62A54}.Ad-Hoc|iPhoneSimulator.ActiveCfg = Release|Any CPU
		{C3DF59F4-DB8D-498B-B789-0B8761C62A54}.Ad-Hoc|Mixed Platforms.ActiveCfg = Release|Any CPU
		{C3DF59F4-DB8D-498B-B789-0B8761C62A54}.Ad-Hoc|Mixed Platforms.Build.0 = Release|Any CPU
		{C3DF59F4-DB8D-498B-B789-0B8761C62A54}.Ad-Hoc|x64.ActiveCfg = Release|Any CPU
		{C3DF59F4-DB8D-498B-B789-0B8761C62A54}.Ad-Hoc|x86.ActiveCfg = Release|Any CPU
		{C3DF59F4-DB8D-498B-B789-0B8761C62A54}.AppStore|Any CPU.ActiveCfg = Release|Any CPU
		{C3DF59F4-DB8D-498B-B789-0B8761C62A54}.AppStore|Any CPU.Build.0 = Release|Any CPU
		{C3DF59F4-DB8D-498B-B789-0B8761C62A54}.AppStore|ARM.ActiveCfg = Release|Any CPU
		{C3DF59F4-DB8D-498B-B789-0B8761C62A54}.AppStore|iPhone.ActiveCfg = Release|Any CPU
		{C3DF59F4-DB8D-498B-B789-0B8761C62A54}.AppStore|iPhoneSimulator.ActiveCfg = Release|Any CPU
		{C3DF59F4-DB8D-498B-B789-0B8761C62A54}.AppStore|Mixed Platforms.ActiveCfg = Release|Any CPU
		{C3DF59F4-DB8D-498B-B789-0B8761C62A54}.AppStore|Mixed Platforms.Build.0 = Release|Any CPU
		{C3DF59F4-DB8D-498B-B789-0B8761C62A54}.AppStore|x64.ActiveCfg = Release|Any CPU
		{C3DF59F4-DB8D-498B-B789-0B8761C62A54}.AppStore|x86.ActiveCfg = Release|Any CPU
		{C3DF59F4-DB8D-498B-B789-0B8761C62A54}.Debug|Any CPU.ActiveCfg = Debug|Any CPU
		{C3DF59F4-DB8D-498B-B789-0B8761C62A54}.Debug|Any CPU.Build.0 = Debug|Any CPU
		{C3DF59F4-DB8D-498B-B789-0B8761C62A54}.Debug|ARM.ActiveCfg = Debug|Any CPU
		{C3DF59F4-DB8D-498B-B789-0B8761C62A54}.Debug|iPhone.ActiveCfg = Debug|Any CPU
		{C3DF59F4-DB8D-498B-B789-0B8761C62A54}.Debug|iPhoneSimulator.ActiveCfg = Debug|Any CPU
		{C3DF59F4-DB8D-498B-B789-0B8761C62A54}.Debug|Mixed Platforms.ActiveCfg = Debug|Any CPU
		{C3DF59F4-DB8D-498B-B789-0B8761C62A54}.Debug|Mixed Platforms.Build.0 = Debug|Any CPU
		{C3DF59F4-DB8D-498B-B789-0B8761C62A54}.Debug|x64.ActiveCfg = Debug|Any CPU
		{C3DF59F4-DB8D-498B-B789-0B8761C62A54}.Debug|x86.ActiveCfg = Debug|Any CPU
		{C3DF59F4-DB8D-498B-B789-0B8761C62A54}.Release|Any CPU.ActiveCfg = Release|Any CPU
		{C3DF59F4-DB8D-498B-B789-0B8761C62A54}.Release|Any CPU.Build.0 = Release|Any CPU
		{C3DF59F4-DB8D-498B-B789-0B8761C62A54}.Release|ARM.ActiveCfg = Release|Any CPU
		{C3DF59F4-DB8D-498B-B789-0B8761C62A54}.Release|iPhone.ActiveCfg = Release|Any CPU
		{C3DF59F4-DB8D-498B-B789-0B8761C62A54}.Release|iPhoneSimulator.ActiveCfg = Release|Any CPU
		{C3DF59F4-DB8D-498B-B789-0B8761C62A54}.Release|Mixed Platforms.ActiveCfg = Release|Any CPU
		{C3DF59F4-DB8D-498B-B789-0B8761C62A54}.Release|Mixed Platforms.Build.0 = Release|Any CPU
		{C3DF59F4-DB8D-498B-B789-0B8761C62A54}.Release|x64.ActiveCfg = Release|Any CPU
		{C3DF59F4-DB8D-498B-B789-0B8761C62A54}.Release|x86.ActiveCfg = Release|Any CPU
		{68293923-E2FB-4ABC-A44C-530696C5740F}.Ad-Hoc|Any CPU.ActiveCfg = Release|Any CPU
		{68293923-E2FB-4ABC-A44C-530696C5740F}.Ad-Hoc|Any CPU.Build.0 = Release|Any CPU
		{68293923-E2FB-4ABC-A44C-530696C5740F}.Ad-Hoc|Any CPU.Deploy.0 = Release|Any CPU
		{68293923-E2FB-4ABC-A44C-530696C5740F}.Ad-Hoc|ARM.ActiveCfg = Release|ARM
		{68293923-E2FB-4ABC-A44C-530696C5740F}.Ad-Hoc|ARM.Build.0 = Release|ARM
		{68293923-E2FB-4ABC-A44C-530696C5740F}.Ad-Hoc|ARM.Deploy.0 = Release|ARM
		{68293923-E2FB-4ABC-A44C-530696C5740F}.Ad-Hoc|iPhone.ActiveCfg = Release|Any CPU
		{68293923-E2FB-4ABC-A44C-530696C5740F}.Ad-Hoc|iPhoneSimulator.ActiveCfg = Release|Any CPU
		{68293923-E2FB-4ABC-A44C-530696C5740F}.Ad-Hoc|Mixed Platforms.ActiveCfg = Release|x86
		{68293923-E2FB-4ABC-A44C-530696C5740F}.Ad-Hoc|Mixed Platforms.Build.0 = Release|x86
		{68293923-E2FB-4ABC-A44C-530696C5740F}.Ad-Hoc|Mixed Platforms.Deploy.0 = Release|x86
		{68293923-E2FB-4ABC-A44C-530696C5740F}.Ad-Hoc|x64.ActiveCfg = Release|Any CPU
		{68293923-E2FB-4ABC-A44C-530696C5740F}.Ad-Hoc|x86.ActiveCfg = Release|x86
		{68293923-E2FB-4ABC-A44C-530696C5740F}.Ad-Hoc|x86.Build.0 = Release|x86
		{68293923-E2FB-4ABC-A44C-530696C5740F}.Ad-Hoc|x86.Deploy.0 = Release|x86
		{68293923-E2FB-4ABC-A44C-530696C5740F}.AppStore|Any CPU.ActiveCfg = Release|Any CPU
		{68293923-E2FB-4ABC-A44C-530696C5740F}.AppStore|Any CPU.Build.0 = Release|Any CPU
		{68293923-E2FB-4ABC-A44C-530696C5740F}.AppStore|Any CPU.Deploy.0 = Release|Any CPU
		{68293923-E2FB-4ABC-A44C-530696C5740F}.AppStore|ARM.ActiveCfg = Release|ARM
		{68293923-E2FB-4ABC-A44C-530696C5740F}.AppStore|ARM.Build.0 = Release|ARM
		{68293923-E2FB-4ABC-A44C-530696C5740F}.AppStore|ARM.Deploy.0 = Release|ARM
		{68293923-E2FB-4ABC-A44C-530696C5740F}.AppStore|iPhone.ActiveCfg = Release|Any CPU
		{68293923-E2FB-4ABC-A44C-530696C5740F}.AppStore|iPhoneSimulator.ActiveCfg = Release|Any CPU
		{68293923-E2FB-4ABC-A44C-530696C5740F}.AppStore|Mixed Platforms.ActiveCfg = Release|x86
		{68293923-E2FB-4ABC-A44C-530696C5740F}.AppStore|Mixed Platforms.Build.0 = Release|x86
		{68293923-E2FB-4ABC-A44C-530696C5740F}.AppStore|Mixed Platforms.Deploy.0 = Release|x86
		{68293923-E2FB-4ABC-A44C-530696C5740F}.AppStore|x64.ActiveCfg = Release|Any CPU
		{68293923-E2FB-4ABC-A44C-530696C5740F}.AppStore|x86.ActiveCfg = Release|x86
		{68293923-E2FB-4ABC-A44C-530696C5740F}.AppStore|x86.Build.0 = Release|x86
		{68293923-E2FB-4ABC-A44C-530696C5740F}.AppStore|x86.Deploy.0 = Release|x86
		{68293923-E2FB-4ABC-A44C-530696C5740F}.Debug|Any CPU.ActiveCfg = Debug|Any CPU
		{68293923-E2FB-4ABC-A44C-530696C5740F}.Debug|Any CPU.Build.0 = Debug|Any CPU
		{68293923-E2FB-4ABC-A44C-530696C5740F}.Debug|Any CPU.Deploy.0 = Debug|Any CPU
		{68293923-E2FB-4ABC-A44C-530696C5740F}.Debug|ARM.ActiveCfg = Debug|ARM
		{68293923-E2FB-4ABC-A44C-530696C5740F}.Debug|ARM.Build.0 = Debug|ARM
		{68293923-E2FB-4ABC-A44C-530696C5740F}.Debug|ARM.Deploy.0 = Debug|ARM
		{68293923-E2FB-4ABC-A44C-530696C5740F}.Debug|iPhone.ActiveCfg = Debug|Any CPU
		{68293923-E2FB-4ABC-A44C-530696C5740F}.Debug|iPhoneSimulator.ActiveCfg = Debug|Any CPU
		{68293923-E2FB-4ABC-A44C-530696C5740F}.Debug|Mixed Platforms.ActiveCfg = Debug|ARM
		{68293923-E2FB-4ABC-A44C-530696C5740F}.Debug|Mixed Platforms.Build.0 = Debug|ARM
		{68293923-E2FB-4ABC-A44C-530696C5740F}.Debug|Mixed Platforms.Deploy.0 = Debug|ARM
		{68293923-E2FB-4ABC-A44C-530696C5740F}.Debug|x64.ActiveCfg = Debug|Any CPU
		{68293923-E2FB-4ABC-A44C-530696C5740F}.Debug|x86.ActiveCfg = Debug|x86
		{68293923-E2FB-4ABC-A44C-530696C5740F}.Debug|x86.Build.0 = Debug|x86
		{68293923-E2FB-4ABC-A44C-530696C5740F}.Debug|x86.Deploy.0 = Debug|x86
		{68293923-E2FB-4ABC-A44C-530696C5740F}.Release|Any CPU.ActiveCfg = Release|Any CPU
		{68293923-E2FB-4ABC-A44C-530696C5740F}.Release|Any CPU.Build.0 = Release|Any CPU
		{68293923-E2FB-4ABC-A44C-530696C5740F}.Release|Any CPU.Deploy.0 = Release|Any CPU
		{68293923-E2FB-4ABC-A44C-530696C5740F}.Release|ARM.ActiveCfg = Release|ARM
		{68293923-E2FB-4ABC-A44C-530696C5740F}.Release|ARM.Build.0 = Release|ARM
		{68293923-E2FB-4ABC-A44C-530696C5740F}.Release|ARM.Deploy.0 = Release|ARM
		{68293923-E2FB-4ABC-A44C-530696C5740F}.Release|iPhone.ActiveCfg = Release|Any CPU
		{68293923-E2FB-4ABC-A44C-530696C5740F}.Release|iPhoneSimulator.ActiveCfg = Release|Any CPU
		{68293923-E2FB-4ABC-A44C-530696C5740F}.Release|Mixed Platforms.ActiveCfg = Release|x86
		{68293923-E2FB-4ABC-A44C-530696C5740F}.Release|Mixed Platforms.Build.0 = Release|x86
		{68293923-E2FB-4ABC-A44C-530696C5740F}.Release|Mixed Platforms.Deploy.0 = Release|x86
		{68293923-E2FB-4ABC-A44C-530696C5740F}.Release|x64.ActiveCfg = Release|Any CPU
		{68293923-E2FB-4ABC-A44C-530696C5740F}.Release|x86.ActiveCfg = Release|x86
		{68293923-E2FB-4ABC-A44C-530696C5740F}.Release|x86.Build.0 = Release|x86
		{68293923-E2FB-4ABC-A44C-530696C5740F}.Release|x86.Deploy.0 = Release|x86
		{8F58087F-4E0A-4113-BE49-152937A0F92F}.Ad-Hoc|Any CPU.ActiveCfg = Release|Any CPU
		{8F58087F-4E0A-4113-BE49-152937A0F92F}.Ad-Hoc|Any CPU.Build.0 = Release|Any CPU
		{8F58087F-4E0A-4113-BE49-152937A0F92F}.Ad-Hoc|Any CPU.Deploy.0 = Release|Any CPU
		{8F58087F-4E0A-4113-BE49-152937A0F92F}.Ad-Hoc|ARM.ActiveCfg = Release|ARM
		{8F58087F-4E0A-4113-BE49-152937A0F92F}.Ad-Hoc|ARM.Build.0 = Release|ARM
		{8F58087F-4E0A-4113-BE49-152937A0F92F}.Ad-Hoc|ARM.Deploy.0 = Release|ARM
		{8F58087F-4E0A-4113-BE49-152937A0F92F}.Ad-Hoc|iPhone.ActiveCfg = Release|Any CPU
		{8F58087F-4E0A-4113-BE49-152937A0F92F}.Ad-Hoc|iPhoneSimulator.ActiveCfg = Release|Any CPU
		{8F58087F-4E0A-4113-BE49-152937A0F92F}.Ad-Hoc|Mixed Platforms.ActiveCfg = Release|x86
		{8F58087F-4E0A-4113-BE49-152937A0F92F}.Ad-Hoc|Mixed Platforms.Build.0 = Release|x86
		{8F58087F-4E0A-4113-BE49-152937A0F92F}.Ad-Hoc|Mixed Platforms.Deploy.0 = Release|x86
		{8F58087F-4E0A-4113-BE49-152937A0F92F}.Ad-Hoc|x64.ActiveCfg = Release|x64
		{8F58087F-4E0A-4113-BE49-152937A0F92F}.Ad-Hoc|x64.Build.0 = Release|x64
		{8F58087F-4E0A-4113-BE49-152937A0F92F}.Ad-Hoc|x64.Deploy.0 = Release|x64
		{8F58087F-4E0A-4113-BE49-152937A0F92F}.Ad-Hoc|x86.ActiveCfg = Release|x86
		{8F58087F-4E0A-4113-BE49-152937A0F92F}.Ad-Hoc|x86.Build.0 = Release|x86
		{8F58087F-4E0A-4113-BE49-152937A0F92F}.Ad-Hoc|x86.Deploy.0 = Release|x86
		{8F58087F-4E0A-4113-BE49-152937A0F92F}.AppStore|Any CPU.ActiveCfg = Release|Any CPU
		{8F58087F-4E0A-4113-BE49-152937A0F92F}.AppStore|Any CPU.Build.0 = Release|Any CPU
		{8F58087F-4E0A-4113-BE49-152937A0F92F}.AppStore|Any CPU.Deploy.0 = Release|Any CPU
		{8F58087F-4E0A-4113-BE49-152937A0F92F}.AppStore|ARM.ActiveCfg = Release|ARM
		{8F58087F-4E0A-4113-BE49-152937A0F92F}.AppStore|ARM.Build.0 = Release|ARM
		{8F58087F-4E0A-4113-BE49-152937A0F92F}.AppStore|ARM.Deploy.0 = Release|ARM
		{8F58087F-4E0A-4113-BE49-152937A0F92F}.AppStore|iPhone.ActiveCfg = Release|Any CPU
		{8F58087F-4E0A-4113-BE49-152937A0F92F}.AppStore|iPhoneSimulator.ActiveCfg = Release|Any CPU
		{8F58087F-4E0A-4113-BE49-152937A0F92F}.AppStore|Mixed Platforms.ActiveCfg = Release|x86
		{8F58087F-4E0A-4113-BE49-152937A0F92F}.AppStore|Mixed Platforms.Build.0 = Release|x86
		{8F58087F-4E0A-4113-BE49-152937A0F92F}.AppStore|Mixed Platforms.Deploy.0 = Release|x86
		{8F58087F-4E0A-4113-BE49-152937A0F92F}.AppStore|x64.ActiveCfg = Release|x64
		{8F58087F-4E0A-4113-BE49-152937A0F92F}.AppStore|x64.Build.0 = Release|x64
		{8F58087F-4E0A-4113-BE49-152937A0F92F}.AppStore|x64.Deploy.0 = Release|x64
		{8F58087F-4E0A-4113-BE49-152937A0F92F}.AppStore|x86.ActiveCfg = Release|x86
		{8F58087F-4E0A-4113-BE49-152937A0F92F}.AppStore|x86.Build.0 = Release|x86
		{8F58087F-4E0A-4113-BE49-152937A0F92F}.AppStore|x86.Deploy.0 = Release|x86
		{8F58087F-4E0A-4113-BE49-152937A0F92F}.Debug|Any CPU.ActiveCfg = Debug|Any CPU
		{8F58087F-4E0A-4113-BE49-152937A0F92F}.Debug|Any CPU.Build.0 = Debug|Any CPU
		{8F58087F-4E0A-4113-BE49-152937A0F92F}.Debug|Any CPU.Deploy.0 = Debug|Any CPU
		{8F58087F-4E0A-4113-BE49-152937A0F92F}.Debug|ARM.ActiveCfg = Debug|ARM
		{8F58087F-4E0A-4113-BE49-152937A0F92F}.Debug|ARM.Build.0 = Debug|ARM
		{8F58087F-4E0A-4113-BE49-152937A0F92F}.Debug|ARM.Deploy.0 = Debug|ARM
		{8F58087F-4E0A-4113-BE49-152937A0F92F}.Debug|iPhone.ActiveCfg = Debug|Any CPU
		{8F58087F-4E0A-4113-BE49-152937A0F92F}.Debug|iPhoneSimulator.ActiveCfg = Debug|Any CPU
		{8F58087F-4E0A-4113-BE49-152937A0F92F}.Debug|Mixed Platforms.ActiveCfg = Debug|x86
		{8F58087F-4E0A-4113-BE49-152937A0F92F}.Debug|Mixed Platforms.Build.0 = Debug|x86
		{8F58087F-4E0A-4113-BE49-152937A0F92F}.Debug|Mixed Platforms.Deploy.0 = Debug|x86
		{8F58087F-4E0A-4113-BE49-152937A0F92F}.Debug|x64.ActiveCfg = Debug|x64
		{8F58087F-4E0A-4113-BE49-152937A0F92F}.Debug|x64.Build.0 = Debug|x64
		{8F58087F-4E0A-4113-BE49-152937A0F92F}.Debug|x64.Deploy.0 = Debug|x64
		{8F58087F-4E0A-4113-BE49-152937A0F92F}.Debug|x86.ActiveCfg = Debug|x86
		{8F58087F-4E0A-4113-BE49-152937A0F92F}.Debug|x86.Build.0 = Debug|x86
		{8F58087F-4E0A-4113-BE49-152937A0F92F}.Debug|x86.Deploy.0 = Debug|x86
		{8F58087F-4E0A-4113-BE49-152937A0F92F}.Release|Any CPU.ActiveCfg = Release|Any CPU
		{8F58087F-4E0A-4113-BE49-152937A0F92F}.Release|Any CPU.Build.0 = Release|Any CPU
		{8F58087F-4E0A-4113-BE49-152937A0F92F}.Release|Any CPU.Deploy.0 = Release|Any CPU
		{8F58087F-4E0A-4113-BE49-152937A0F92F}.Release|ARM.ActiveCfg = Release|ARM
		{8F58087F-4E0A-4113-BE49-152937A0F92F}.Release|ARM.Build.0 = Release|ARM
		{8F58087F-4E0A-4113-BE49-152937A0F92F}.Release|ARM.Deploy.0 = Release|ARM
		{8F58087F-4E0A-4113-BE49-152937A0F92F}.Release|iPhone.ActiveCfg = Release|Any CPU
		{8F58087F-4E0A-4113-BE49-152937A0F92F}.Release|iPhoneSimulator.ActiveCfg = Release|Any CPU
		{8F58087F-4E0A-4113-BE49-152937A0F92F}.Release|Mixed Platforms.ActiveCfg = Release|x86
		{8F58087F-4E0A-4113-BE49-152937A0F92F}.Release|Mixed Platforms.Build.0 = Release|x86
		{8F58087F-4E0A-4113-BE49-152937A0F92F}.Release|Mixed Platforms.Deploy.0 = Release|x86
		{8F58087F-4E0A-4113-BE49-152937A0F92F}.Release|x64.ActiveCfg = Release|x64
		{8F58087F-4E0A-4113-BE49-152937A0F92F}.Release|x64.Build.0 = Release|x64
		{8F58087F-4E0A-4113-BE49-152937A0F92F}.Release|x64.Deploy.0 = Release|x64
		{8F58087F-4E0A-4113-BE49-152937A0F92F}.Release|x86.ActiveCfg = Release|x86
		{8F58087F-4E0A-4113-BE49-152937A0F92F}.Release|x86.Build.0 = Release|x86
		{8F58087F-4E0A-4113-BE49-152937A0F92F}.Release|x86.Deploy.0 = Release|x86
		{9296C59F-9DE9-4A29-9B52-093E35315E08}.Ad-Hoc|Any CPU.ActiveCfg = Release|Any CPU
		{9296C59F-9DE9-4A29-9B52-093E35315E08}.Ad-Hoc|Any CPU.Build.0 = Release|Any CPU
		{9296C59F-9DE9-4A29-9B52-093E35315E08}.Ad-Hoc|ARM.ActiveCfg = Release|Any CPU
		{9296C59F-9DE9-4A29-9B52-093E35315E08}.Ad-Hoc|iPhone.ActiveCfg = Release|Any CPU
		{9296C59F-9DE9-4A29-9B52-093E35315E08}.Ad-Hoc|iPhoneSimulator.ActiveCfg = Release|Any CPU
		{9296C59F-9DE9-4A29-9B52-093E35315E08}.Ad-Hoc|Mixed Platforms.ActiveCfg = Release|Any CPU
		{9296C59F-9DE9-4A29-9B52-093E35315E08}.Ad-Hoc|Mixed Platforms.Build.0 = Release|Any CPU
		{9296C59F-9DE9-4A29-9B52-093E35315E08}.Ad-Hoc|x64.ActiveCfg = Release|Any CPU
		{9296C59F-9DE9-4A29-9B52-093E35315E08}.Ad-Hoc|x86.ActiveCfg = Release|Any CPU
		{9296C59F-9DE9-4A29-9B52-093E35315E08}.AppStore|Any CPU.ActiveCfg = Release|Any CPU
		{9296C59F-9DE9-4A29-9B52-093E35315E08}.AppStore|Any CPU.Build.0 = Release|Any CPU
		{9296C59F-9DE9-4A29-9B52-093E35315E08}.AppStore|ARM.ActiveCfg = Release|Any CPU
		{9296C59F-9DE9-4A29-9B52-093E35315E08}.AppStore|iPhone.ActiveCfg = Release|Any CPU
		{9296C59F-9DE9-4A29-9B52-093E35315E08}.AppStore|iPhoneSimulator.ActiveCfg = Release|Any CPU
		{9296C59F-9DE9-4A29-9B52-093E35315E08}.AppStore|Mixed Platforms.ActiveCfg = Release|Any CPU
		{9296C59F-9DE9-4A29-9B52-093E35315E08}.AppStore|Mixed Platforms.Build.0 = Release|Any CPU
		{9296C59F-9DE9-4A29-9B52-093E35315E08}.AppStore|x64.ActiveCfg = Release|Any CPU
		{9296C59F-9DE9-4A29-9B52-093E35315E08}.AppStore|x86.ActiveCfg = Release|Any CPU
		{9296C59F-9DE9-4A29-9B52-093E35315E08}.Debug|Any CPU.ActiveCfg = Debug|Any CPU
		{9296C59F-9DE9-4A29-9B52-093E35315E08}.Debug|Any CPU.Build.0 = Debug|Any CPU
		{9296C59F-9DE9-4A29-9B52-093E35315E08}.Debug|ARM.ActiveCfg = Debug|Any CPU
		{9296C59F-9DE9-4A29-9B52-093E35315E08}.Debug|iPhone.ActiveCfg = Debug|Any CPU
		{9296C59F-9DE9-4A29-9B52-093E35315E08}.Debug|iPhoneSimulator.ActiveCfg = Debug|Any CPU
		{9296C59F-9DE9-4A29-9B52-093E35315E08}.Debug|Mixed Platforms.ActiveCfg = Debug|Any CPU
		{9296C59F-9DE9-4A29-9B52-093E35315E08}.Debug|Mixed Platforms.Build.0 = Debug|Any CPU
		{9296C59F-9DE9-4A29-9B52-093E35315E08}.Debug|x64.ActiveCfg = Debug|Any CPU
		{9296C59F-9DE9-4A29-9B52-093E35315E08}.Debug|x86.ActiveCfg = Debug|Any CPU
		{9296C59F-9DE9-4A29-9B52-093E35315E08}.Release|Any CPU.ActiveCfg = Release|Any CPU
		{9296C59F-9DE9-4A29-9B52-093E35315E08}.Release|Any CPU.Build.0 = Release|Any CPU
		{9296C59F-9DE9-4A29-9B52-093E35315E08}.Release|ARM.ActiveCfg = Release|Any CPU
		{9296C59F-9DE9-4A29-9B52-093E35315E08}.Release|iPhone.ActiveCfg = Release|Any CPU
		{9296C59F-9DE9-4A29-9B52-093E35315E08}.Release|iPhoneSimulator.ActiveCfg = Release|Any CPU
		{9296C59F-9DE9-4A29-9B52-093E35315E08}.Release|Mixed Platforms.ActiveCfg = Release|Any CPU
		{9296C59F-9DE9-4A29-9B52-093E35315E08}.Release|Mixed Platforms.Build.0 = Release|Any CPU
		{9296C59F-9DE9-4A29-9B52-093E35315E08}.Release|x64.ActiveCfg = Release|Any CPU
		{9296C59F-9DE9-4A29-9B52-093E35315E08}.Release|x86.ActiveCfg = Release|Any CPU
		{B9B13908-101D-46E2-A92A-44EA978A46E7}.Ad-Hoc|Any CPU.ActiveCfg = Release|Any CPU
		{B9B13908-101D-46E2-A92A-44EA978A46E7}.Ad-Hoc|Any CPU.Build.0 = Release|Any CPU
		{B9B13908-101D-46E2-A92A-44EA978A46E7}.Ad-Hoc|ARM.ActiveCfg = Release|Any CPU
		{B9B13908-101D-46E2-A92A-44EA978A46E7}.Ad-Hoc|iPhone.ActiveCfg = Release|Any CPU
		{B9B13908-101D-46E2-A92A-44EA978A46E7}.Ad-Hoc|iPhoneSimulator.ActiveCfg = Release|Any CPU
		{B9B13908-101D-46E2-A92A-44EA978A46E7}.Ad-Hoc|Mixed Platforms.ActiveCfg = Release|Any CPU
		{B9B13908-101D-46E2-A92A-44EA978A46E7}.Ad-Hoc|Mixed Platforms.Build.0 = Release|Any CPU
		{B9B13908-101D-46E2-A92A-44EA978A46E7}.Ad-Hoc|x64.ActiveCfg = Release|Any CPU
		{B9B13908-101D-46E2-A92A-44EA978A46E7}.Ad-Hoc|x86.ActiveCfg = Release|Any CPU
		{B9B13908-101D-46E2-A92A-44EA978A46E7}.AppStore|Any CPU.ActiveCfg = Release|Any CPU
		{B9B13908-101D-46E2-A92A-44EA978A46E7}.AppStore|Any CPU.Build.0 = Release|Any CPU
		{B9B13908-101D-46E2-A92A-44EA978A46E7}.AppStore|ARM.ActiveCfg = Release|Any CPU
		{B9B13908-101D-46E2-A92A-44EA978A46E7}.AppStore|iPhone.ActiveCfg = Release|Any CPU
		{B9B13908-101D-46E2-A92A-44EA978A46E7}.AppStore|iPhoneSimulator.ActiveCfg = Release|Any CPU
		{B9B13908-101D-46E2-A92A-44EA978A46E7}.AppStore|Mixed Platforms.ActiveCfg = Release|Any CPU
		{B9B13908-101D-46E2-A92A-44EA978A46E7}.AppStore|Mixed Platforms.Build.0 = Release|Any CPU
		{B9B13908-101D-46E2-A92A-44EA978A46E7}.AppStore|x64.ActiveCfg = Release|Any CPU
		{B9B13908-101D-46E2-A92A-44EA978A46E7}.AppStore|x86.ActiveCfg = Release|Any CPU
		{B9B13908-101D-46E2-A92A-44EA978A46E7}.Debug|Any CPU.ActiveCfg = Debug|Any CPU
		{B9B13908-101D-46E2-A92A-44EA978A46E7}.Debug|Any CPU.Build.0 = Debug|Any CPU
		{B9B13908-101D-46E2-A92A-44EA978A46E7}.Debug|ARM.ActiveCfg = Debug|Any CPU
		{B9B13908-101D-46E2-A92A-44EA978A46E7}.Debug|iPhone.ActiveCfg = Debug|Any CPU
		{B9B13908-101D-46E2-A92A-44EA978A46E7}.Debug|iPhoneSimulator.ActiveCfg = Debug|Any CPU
		{B9B13908-101D-46E2-A92A-44EA978A46E7}.Debug|Mixed Platforms.ActiveCfg = Debug|Any CPU
		{B9B13908-101D-46E2-A92A-44EA978A46E7}.Debug|Mixed Platforms.Build.0 = Debug|Any CPU
		{B9B13908-101D-46E2-A92A-44EA978A46E7}.Debug|x64.ActiveCfg = Debug|Any CPU
		{B9B13908-101D-46E2-A92A-44EA978A46E7}.Debug|x86.ActiveCfg = Debug|Any CPU
		{B9B13908-101D-46E2-A92A-44EA978A46E7}.Release|Any CPU.ActiveCfg = Release|Any CPU
		{B9B13908-101D-46E2-A92A-44EA978A46E7}.Release|Any CPU.Build.0 = Release|Any CPU
		{B9B13908-101D-46E2-A92A-44EA978A46E7}.Release|ARM.ActiveCfg = Release|Any CPU
		{B9B13908-101D-46E2-A92A-44EA978A46E7}.Release|iPhone.ActiveCfg = Release|Any CPU
		{B9B13908-101D-46E2-A92A-44EA978A46E7}.Release|iPhoneSimulator.ActiveCfg = Release|Any CPU
		{B9B13908-101D-46E2-A92A-44EA978A46E7}.Release|Mixed Platforms.ActiveCfg = Release|Any CPU
		{B9B13908-101D-46E2-A92A-44EA978A46E7}.Release|Mixed Platforms.Build.0 = Release|Any CPU
		{B9B13908-101D-46E2-A92A-44EA978A46E7}.Release|x64.ActiveCfg = Release|Any CPU
		{B9B13908-101D-46E2-A92A-44EA978A46E7}.Release|x86.ActiveCfg = Release|Any CPU
		{2E767A03-6A3A-4D7C-A1DC-E9FE8DA3CD51}.Ad-Hoc|Any CPU.ActiveCfg = Ad-Hoc|iPhone
		{2E767A03-6A3A-4D7C-A1DC-E9FE8DA3CD51}.Ad-Hoc|ARM.ActiveCfg = Ad-Hoc|iPhone
		{2E767A03-6A3A-4D7C-A1DC-E9FE8DA3CD51}.Ad-Hoc|iPhone.ActiveCfg = Ad-Hoc|iPhone
		{2E767A03-6A3A-4D7C-A1DC-E9FE8DA3CD51}.Ad-Hoc|iPhone.Build.0 = Ad-Hoc|iPhone
		{2E767A03-6A3A-4D7C-A1DC-E9FE8DA3CD51}.Ad-Hoc|iPhoneSimulator.ActiveCfg = Ad-Hoc|iPhoneSimulator
		{2E767A03-6A3A-4D7C-A1DC-E9FE8DA3CD51}.Ad-Hoc|iPhoneSimulator.Build.0 = Ad-Hoc|iPhoneSimulator
		{2E767A03-6A3A-4D7C-A1DC-E9FE8DA3CD51}.Ad-Hoc|Mixed Platforms.ActiveCfg = Ad-Hoc|iPhone
		{2E767A03-6A3A-4D7C-A1DC-E9FE8DA3CD51}.Ad-Hoc|Mixed Platforms.Build.0 = Ad-Hoc|iPhone
		{2E767A03-6A3A-4D7C-A1DC-E9FE8DA3CD51}.Ad-Hoc|x64.ActiveCfg = Ad-Hoc|iPhone
		{2E767A03-6A3A-4D7C-A1DC-E9FE8DA3CD51}.Ad-Hoc|x86.ActiveCfg = Ad-Hoc|iPhone
		{2E767A03-6A3A-4D7C-A1DC-E9FE8DA3CD51}.AppStore|Any CPU.ActiveCfg = AppStore|iPhone
		{2E767A03-6A3A-4D7C-A1DC-E9FE8DA3CD51}.AppStore|ARM.ActiveCfg = AppStore|iPhone
		{2E767A03-6A3A-4D7C-A1DC-E9FE8DA3CD51}.AppStore|iPhone.ActiveCfg = AppStore|iPhone
		{2E767A03-6A3A-4D7C-A1DC-E9FE8DA3CD51}.AppStore|iPhone.Build.0 = AppStore|iPhone
		{2E767A03-6A3A-4D7C-A1DC-E9FE8DA3CD51}.AppStore|iPhoneSimulator.ActiveCfg = AppStore|iPhoneSimulator
		{2E767A03-6A3A-4D7C-A1DC-E9FE8DA3CD51}.AppStore|iPhoneSimulator.Build.0 = AppStore|iPhoneSimulator
		{2E767A03-6A3A-4D7C-A1DC-E9FE8DA3CD51}.AppStore|Mixed Platforms.ActiveCfg = AppStore|iPhone
		{2E767A03-6A3A-4D7C-A1DC-E9FE8DA3CD51}.AppStore|Mixed Platforms.Build.0 = AppStore|iPhone
		{2E767A03-6A3A-4D7C-A1DC-E9FE8DA3CD51}.AppStore|x64.ActiveCfg = AppStore|iPhone
		{2E767A03-6A3A-4D7C-A1DC-E9FE8DA3CD51}.AppStore|x86.ActiveCfg = AppStore|iPhone
		{2E767A03-6A3A-4D7C-A1DC-E9FE8DA3CD51}.Debug|Any CPU.ActiveCfg = Debug|iPhone
		{2E767A03-6A3A-4D7C-A1DC-E9FE8DA3CD51}.Debug|ARM.ActiveCfg = Debug|iPhone
		{2E767A03-6A3A-4D7C-A1DC-E9FE8DA3CD51}.Debug|iPhone.ActiveCfg = Debug|iPhone
		{2E767A03-6A3A-4D7C-A1DC-E9FE8DA3CD51}.Debug|iPhone.Build.0 = Debug|iPhone
		{2E767A03-6A3A-4D7C-A1DC-E9FE8DA3CD51}.Debug|iPhoneSimulator.ActiveCfg = Debug|iPhoneSimulator
		{2E767A03-6A3A-4D7C-A1DC-E9FE8DA3CD51}.Debug|Mixed Platforms.ActiveCfg = Debug|iPhone
		{2E767A03-6A3A-4D7C-A1DC-E9FE8DA3CD51}.Debug|Mixed Platforms.Build.0 = Debug|iPhone
		{2E767A03-6A3A-4D7C-A1DC-E9FE8DA3CD51}.Debug|x64.ActiveCfg = Debug|iPhone
		{2E767A03-6A3A-4D7C-A1DC-E9FE8DA3CD51}.Debug|x86.ActiveCfg = Debug|iPhone
		{2E767A03-6A3A-4D7C-A1DC-E9FE8DA3CD51}.Release|Any CPU.ActiveCfg = Release|iPhone
		{2E767A03-6A3A-4D7C-A1DC-E9FE8DA3CD51}.Release|ARM.ActiveCfg = Release|iPhone
		{2E767A03-6A3A-4D7C-A1DC-E9FE8DA3CD51}.Release|iPhone.ActiveCfg = Release|iPhone
		{2E767A03-6A3A-4D7C-A1DC-E9FE8DA3CD51}.Release|iPhone.Build.0 = Release|iPhone
		{2E767A03-6A3A-4D7C-A1DC-E9FE8DA3CD51}.Release|iPhoneSimulator.ActiveCfg = Release|iPhoneSimulator
		{2E767A03-6A3A-4D7C-A1DC-E9FE8DA3CD51}.Release|iPhoneSimulator.Build.0 = Release|iPhoneSimulator
		{2E767A03-6A3A-4D7C-A1DC-E9FE8DA3CD51}.Release|Mixed Platforms.ActiveCfg = Release|iPhone
		{2E767A03-6A3A-4D7C-A1DC-E9FE8DA3CD51}.Release|Mixed Platforms.Build.0 = Release|iPhone
		{2E767A03-6A3A-4D7C-A1DC-E9FE8DA3CD51}.Release|x64.ActiveCfg = Release|iPhone
		{2E767A03-6A3A-4D7C-A1DC-E9FE8DA3CD51}.Release|x86.ActiveCfg = Release|iPhone
		{64373EF4-B798-43EC-A7BF-818E047ACA80}.Ad-Hoc|Any CPU.ActiveCfg = Release|Any CPU
		{64373EF4-B798-43EC-A7BF-818E047ACA80}.Ad-Hoc|Any CPU.Build.0 = Release|Any CPU
		{64373EF4-B798-43EC-A7BF-818E047ACA80}.Ad-Hoc|Any CPU.Deploy.0 = Release|Any CPU
		{64373EF4-B798-43EC-A7BF-818E047ACA80}.Ad-Hoc|ARM.ActiveCfg = Release|Any CPU
		{64373EF4-B798-43EC-A7BF-818E047ACA80}.Ad-Hoc|iPhone.ActiveCfg = Release|Any CPU
		{64373EF4-B798-43EC-A7BF-818E047ACA80}.Ad-Hoc|iPhoneSimulator.ActiveCfg = Release|Any CPU
		{64373EF4-B798-43EC-A7BF-818E047ACA80}.Ad-Hoc|Mixed Platforms.ActiveCfg = Release|Any CPU
		{64373EF4-B798-43EC-A7BF-818E047ACA80}.Ad-Hoc|Mixed Platforms.Build.0 = Release|Any CPU
		{64373EF4-B798-43EC-A7BF-818E047ACA80}.Ad-Hoc|Mixed Platforms.Deploy.0 = Release|Any CPU
		{64373EF4-B798-43EC-A7BF-818E047ACA80}.Ad-Hoc|x64.ActiveCfg = Release|Any CPU
		{64373EF4-B798-43EC-A7BF-818E047ACA80}.Ad-Hoc|x86.ActiveCfg = Release|Any CPU
		{64373EF4-B798-43EC-A7BF-818E047ACA80}.AppStore|Any CPU.ActiveCfg = Release|Any CPU
		{64373EF4-B798-43EC-A7BF-818E047ACA80}.AppStore|Any CPU.Build.0 = Release|Any CPU
		{64373EF4-B798-43EC-A7BF-818E047ACA80}.AppStore|Any CPU.Deploy.0 = Release|Any CPU
		{64373EF4-B798-43EC-A7BF-818E047ACA80}.AppStore|ARM.ActiveCfg = Release|Any CPU
		{64373EF4-B798-43EC-A7BF-818E047ACA80}.AppStore|iPhone.ActiveCfg = Release|Any CPU
		{64373EF4-B798-43EC-A7BF-818E047ACA80}.AppStore|iPhoneSimulator.ActiveCfg = Release|Any CPU
		{64373EF4-B798-43EC-A7BF-818E047ACA80}.AppStore|Mixed Platforms.ActiveCfg = Release|Any CPU
		{64373EF4-B798-43EC-A7BF-818E047ACA80}.AppStore|Mixed Platforms.Build.0 = Release|Any CPU
		{64373EF4-B798-43EC-A7BF-818E047ACA80}.AppStore|Mixed Platforms.Deploy.0 = Release|Any CPU
		{64373EF4-B798-43EC-A7BF-818E047ACA80}.AppStore|x64.ActiveCfg = Release|Any CPU
		{64373EF4-B798-43EC-A7BF-818E047ACA80}.AppStore|x86.ActiveCfg = Release|Any CPU
		{64373EF4-B798-43EC-A7BF-818E047ACA80}.Debug|Any CPU.ActiveCfg = Debug|Any CPU
		{64373EF4-B798-43EC-A7BF-818E047ACA80}.Debug|Any CPU.Build.0 = Debug|Any CPU
		{64373EF4-B798-43EC-A7BF-818E047ACA80}.Debug|Any CPU.Deploy.0 = Debug|Any CPU
		{64373EF4-B798-43EC-A7BF-818E047ACA80}.Debug|ARM.ActiveCfg = Debug|Any CPU
		{64373EF4-B798-43EC-A7BF-818E047ACA80}.Debug|iPhone.ActiveCfg = Debug|Any CPU
		{64373EF4-B798-43EC-A7BF-818E047ACA80}.Debug|iPhoneSimulator.ActiveCfg = Debug|Any CPU
		{64373EF4-B798-43EC-A7BF-818E047ACA80}.Debug|Mixed Platforms.ActiveCfg = Debug|Any CPU
		{64373EF4-B798-43EC-A7BF-818E047ACA80}.Debug|Mixed Platforms.Build.0 = Debug|Any CPU
		{64373EF4-B798-43EC-A7BF-818E047ACA80}.Debug|Mixed Platforms.Deploy.0 = Debug|Any CPU
		{64373EF4-B798-43EC-A7BF-818E047ACA80}.Debug|x64.ActiveCfg = Debug|Any CPU
		{64373EF4-B798-43EC-A7BF-818E047ACA80}.Debug|x86.ActiveCfg = Debug|Any CPU
		{64373EF4-B798-43EC-A7BF-818E047ACA80}.Release|Any CPU.ActiveCfg = Release|Any CPU
		{64373EF4-B798-43EC-A7BF-818E047ACA80}.Release|Any CPU.Build.0 = Release|Any CPU
		{64373EF4-B798-43EC-A7BF-818E047ACA80}.Release|Any CPU.Deploy.0 = Release|Any CPU
		{64373EF4-B798-43EC-A7BF-818E047ACA80}.Release|ARM.ActiveCfg = Release|Any CPU
		{64373EF4-B798-43EC-A7BF-818E047ACA80}.Release|iPhone.ActiveCfg = Release|Any CPU
		{64373EF4-B798-43EC-A7BF-818E047ACA80}.Release|iPhoneSimulator.ActiveCfg = Release|Any CPU
		{64373EF4-B798-43EC-A7BF-818E047ACA80}.Release|Mixed Platforms.ActiveCfg = Release|Any CPU
		{64373EF4-B798-43EC-A7BF-818E047ACA80}.Release|Mixed Platforms.Build.0 = Release|Any CPU
		{64373EF4-B798-43EC-A7BF-818E047ACA80}.Release|Mixed Platforms.Deploy.0 = Release|Any CPU
		{64373EF4-B798-43EC-A7BF-818E047ACA80}.Release|x64.ActiveCfg = Release|Any CPU
		{64373EF4-B798-43EC-A7BF-818E047ACA80}.Release|x86.ActiveCfg = Release|Any CPU
	EndGlobalSection
	GlobalSection(SolutionProperties) = preSolution
		HideSolutionNode = FALSE
	EndGlobalSection
EndGlobal
